{
  "name": "crypto-asymmetry-engine",
  "lockfileVersion": 3,
  "requires": true,
  "packages": {
    "": {
      "dependencies": {
        "@supabase/supabase-js": "2.117.1",
        "lucide-react": "1.48.0",
        "react": "19.1.1",
        "react-dom": "19.1.1",
        "vite": "7.1.7",
        "@vitejs/plugin-react": "5.0.4"
      }
    }
  }
}
